
Microsoft Visual Studio Solution File, Format Version 12.00
# Visual Studio 15
VisualStudioVersion = 15.0.27428.2015
MinimumVisualStudioVersion = 10.0.40219.1
Project("{FAE04EC0-301F-11D3-BF4B-00C04F79EFBC}") = "Managedexport", "Managedexport\Managedexport.csproj", "{F2C9D57F-8ED6-48B2-AA24-DFF9E05D23ED}"
EndProject
Global
	GlobalSection(SolutionConfigurationPlatforms) = preSolution
		Debug|Any CPU = Debug|Any CPU
		Debug|x64 = Debug|x64
		Release|Any CPU = Release|Any CPU
		Release|x64 = Release|x64
	EndGlobalSection
	GlobalSection(ProjectConfigurationPlatforms) = postSolution
		{F2C9D57F-8ED6-48B2-AA24-DFF9E05D23ED}.Debug|Any CPU.ActiveCfg = Debug|Any CPU
		{F2C9D57F-8ED6-48B2-AA24-DFF9E05D23ED}.Debug|Any CPU.Build.0 = Debug|Any CPU
		{F2C9D57F-8ED6-48B2-AA24-DFF9E05D23ED}.Debug|x64.ActiveCfg = Debug|x64
		{F2C9D57F-8ED6-48B2-AA24-DFF9E05D23ED}.Debug|x64.Build.0 = Debug|x64
		{F2C9D57F-8ED6-48B2-AA24-DFF9E05D23ED}.Release|Any CPU.ActiveCfg = Release|Any CPU
		{F2C9D57F-8ED6-48B2-AA24-DFF9E05D23ED}.Release|Any CPU.Build.0 = Release|Any CPU
		{F2C9D57F-8ED6-48B2-AA24-DFF9E05D23ED}.Release|x64.ActiveCfg = Release|x64
		{F2C9D57F-8ED6-48B2-AA24-DFF9E05D23ED}.Release|x64.Build.0 = Release|x64
	EndGlobalSection
	GlobalSection(SolutionProperties) = preSolution
		HideSolutionNode = FALSE
	EndGlobalSection
	GlobalSection(ExtensibilityGlobals) = postSolution
		SolutionGuid = {8E2882C3-C300-49DF-95FC-8D4CF7E5E599}
	EndGlobalSection
EndGlobal
